
Microsoft Visual Studio Solution File, Format Version 12.00
# Visual Studio Version 17
VisualStudioVersion = 17.9.34714.143
MinimumVisualStudioVersion = 10.0.40219.1
Project("{FAE04EC0-301F-11D3-BF4B-00C04F79EFBC}") = "WebAPI.Tests", "WebAPI.Tests\WebAPI.Tests.csproj", "{BEAB4E2C-8C91-4895-89D7-1D52944D2655}"
EndProject
Global
	GlobalSection(SolutionConfigurationPlatforms) = preSolution
		Debug|Any CPU = Debug|Any CPU
		Release|Any CPU = Release|Any CPU
	EndGlobalSection
	GlobalSection(ProjectConfigurationPlatforms) = postSolution
		{BEAB4E2C-8C91-4895-89D7-1D52944D2655}.Debug|Any CPU.ActiveCfg = Debug|Any CPU
		{BEAB4E2C-8C91-4895-89D7-1D52944D2655}.Debug|Any CPU.Build.0 = Debug|Any CPU
		{BEAB4E2C-8C91-4895-89D7-1D52944D2655}.Release|Any CPU.ActiveCfg = Release|Any CPU
		{BEAB4E2C-8C91-4895-89D7-1D52944D2655}.Release|Any CPU.Build.0 = Release|Any CPU
	EndGlobalSection
	GlobalSection(SolutionProperties) = preSolution
		HideSolutionNode = FALSE
	EndGlobalSection
	GlobalSection(ExtensibilityGlobals) = postSolution
		SolutionGuid = {DD483539-429B-45E0-B08A-5E707AEF59D1}
	EndGlobalSection
EndGlobal
